
Microsoft Visual Studio Solution File, Format Version 12.00
# Visual Studio 15
VisualStudioVersion = 15.0.28307.421
MinimumVisualStudioVersion = 10.0.40219.1
Project("{8BC9CEB8-8B4A-11D0-8D11-00A0C91BC942}") = "Laba2", "Laba2\Laba2.vcxproj", "{0903E80D-01A9-44B4-B333-75BDC0B481F7}"
EndProject
Global
	GlobalSection(SolutionConfigurationPlatforms) = preSolution
		Debug|x64 = Debug|x64
		Debug|x86 = Debug|x86
		Release|x64 = Release|x64
		Release|x86 = Release|x86
	EndGlobalSection
	GlobalSection(ProjectConfigurationPlatforms) = postSolution
		{0903E80D-01A9-44B4-B333-75BDC0B481F7}.Debug|x64.ActiveCfg = Debug|x64
		{0903E80D-01A9-44B4-B333-75BDC0B481F7}.Debug|x64.Build.0 = Debug|x64
		{0903E80D-01A9-44B4-B333-75BDC0B481F7}.Debug|x86.ActiveCfg = Debug|Win32
		{0903E80D-01A9-44B4-B333-75BDC0B481F7}.Debug|x86.Build.0 = Debug|Win32
		{0903E80D-01A9-44B4-B333-75BDC0B481F7}.Release|x64.ActiveCfg = Release|x64
		{0903E80D-01A9-44B4-B333-75BDC0B481F7}.Release|x64.Build.0 = Release|x64
		{0903E80D-01A9-44B4-B333-75BDC0B481F7}.Release|x86.ActiveCfg = Release|Win32
		{0903E80D-01A9-44B4-B333-75BDC0B481F7}.Release|x86.Build.0 = Release|Win32
	EndGlobalSection
	GlobalSection(SolutionProperties) = preSolution
		HideSolutionNode = FALSE
	EndGlobalSection
	GlobalSection(ExtensibilityGlobals) = postSolution
		SolutionGuid = {75F7D050-253C-4DE5-9E8A-1E22C0610235}
	EndGlobalSection
EndGlobal
